// !$*UTF8*$!
{
	archiveVersion = 1;
	classes = {
	};
	objectVersion = 50;
	objects = {

/* Begin PBXBuildFile section */
		3ED332C82643C14500365919 /* AppDelegate.swift in Sources */ = {isa = PBXBuildFile; fileRef = 3ED332C72643C14500365919 /* AppDelegate.swift */; };
		3ED332CA2643C14500365919 /* SceneDelegate.swift in Sources */ = {isa = PBXBuildFile; fileRef = 3ED332C92643C14500365919 /* SceneDelegate.swift */; };
		3ED332CC2643C14500365919 /* ContentView.swift in Sources */ = {isa = PBXBuildFile; fileRef = 3ED332CB2643C14500365919 /* ContentView.swift */; };
		3ED332CE2643C14700365919 /* Assets.xcassets in Resources */ = {isa = PBXBuildFile; fileRef = 3ED332CD2643C14700365919 /* Assets.xcassets */; };
		3ED332D12643C14700365919 /* Preview Assets.xcassets in Resources */ = {isa = PBXBuildFile; fileRef = 3ED332D02643C14700365919 /* Preview Assets.xcassets */; };
		3ED332D42643C14700365919 /* LaunchScreen.storyboard in Resources */ = {isa = PBXBuildFile; fileRef = 3ED332D22643C14700365919 /* LaunchScreen.storyboard */; };
		3ED332DF2643C14700365919 /* SuperScannerTests.swift in Sources */ = {isa = PBXBuildFile; fileRef = 3ED332DE2643C14700365919 /* SuperScannerTests.swift */; };
		3ED332EA2643C14700365919 /* SuperScannerUITests.swift in Sources */ = {isa = PBXBuildFile; fileRef = 3ED332E92643C14700365919 /* SuperScannerUITests.swift */; };
/* End PBXBuildFile section */

/* Begin PBXContainerItemProxy section */
		3ED332DB2643C14700365919 /* PBXContainerItemProxy */ = {
			isa = PBXContainerItemProxy;
			containerPortal = 3ED332BC2643C14500365919 /* Project object */;
			proxyType = 1;
			remoteGlobalIDString = 3ED332C32643C14500365919;
			remoteInfo = SuperScanner;
		};
		3ED332E62643C14700365919 /* PBXContainerItemProxy */ = {
			isa = PBXContainerItemProxy;
			containerPortal = 3ED332BC2643C14500365919 /* Project object */;
			proxyType = 1;
			remoteGlobalIDString = 3ED332C32643C14500365919;
			remoteInfo = SuperScanner;
		};
/* End PBXContainerItemProxy section */

/* Begin PBXFileReference section */
		3ED332C42643C14500365919 /* SuperScanner.app */ = {isa = PBXFileReference; explicitFileType = wrapper.application; includeInIndex = 0; path = SuperScanner.app; sourceTree = BUILT_PRODUCTS_DIR; };
		3ED332C72643C14500365919 /* AppDelegate.swift */ = {isa = PBXFileReference; lastKnownFileType = sourcecode.swift; path = AppDelegate.swift; sourceTree = "<group>"; };
		3ED332C92643C14500365919 /* SceneDelegate.swift */ = {isa = PBXFileReference; lastKnownFileType = sourcecode.swift; path = SceneDelegate.swift; sourceTree = "<group>"; };
		3ED332CB2643C14500365919 /* ContentView.swift */ = {isa = PBXFileReference; lastKnownFileType = sourcecode.swift; path = ContentView.swift; sourceTree = "<group>"; };
		3ED332CD2643C14700365919 /* Assets.xcassets */ = {isa = PBXFileReference; lastKnownFileType = folder.assetcatalog; path = Assets.xcassets; sourceTree = "<group>"; };
		3ED332D02643C14700365919 /* Preview Assets.xcassets */ = {isa = PBXFileReference; lastKnownFileType = folder.assetcatalog; path = "Preview Assets.xcassets"; sourceTree = "<group>"; };
		3ED332D32643C14700365919 /* Base */ = {isa = PBXFileReference; lastKnownFileType = file.storyboard; name = Base; path = Base.lproj/LaunchScreen.storyboard; sourceTree = "<group>"; };
		3ED332D52643C14700365919 /* Info.plist */ = {isa = PBXFileReference; lastKnownFileType = text.plist.xml; path = Info.plist; sourceTree = "<group>"; };
		3ED332DA2643C14700365919 /* SuperScannerTests.xctest */ = {isa = PBXFileReference; explicitFileType = wrapper.cfbundle; includeInIndex = 0; path = SuperScannerTests.xctest; sourceTree = BUILT_PRODUCTS_DIR; };
		3ED332DE2643C14700365919 /* SuperScannerTests.swift */ = {isa = PBXFileReference; lastKnownFileType = sourcecode.swift; path = SuperScannerTests.swift; sourceTree = "<group>"; };
		3ED332E02643C14700365919 /* Info.plist */ = {isa = PBXFileReference; lastKnownFileType = text.plist.xml; path = Info.plist; sourceTree = "<group>"; };
		3ED332E52643C14700365919 /* SuperScannerUITests.xctest */ = {isa = PBXFileReference; explicitFileType = wrapper.cfbundle; includeInIndex = 0; path = SuperScannerUITests.xctest; sourceTree = BUILT_PRODUCTS_DIR; };
		3ED332E92643C14700365919 /* SuperScannerUITests.swift */ = {isa = PBXFileReference; lastKnownFileType = sourcecode.swift; path = SuperScannerUITests.swift; sourceTree = "<group>"; };
		3ED332EB2643C14700365919 /* Info.plist */ = {isa = PBXFileReference; lastKnownFileType = text.plist.xml; path = Info.plist; sourceTree = "<group>"; };
/* End PBXFileReference section */

/* Begin PBXFrameworksBuildPhase section */
		3ED332C12643C14500365919 /* Frameworks */ = {
			isa = PBXFrameworksBuildPhase;
			buildActionMask = 2147483647;
			files = (
			);
			runOnlyForDeploymentPostprocessing = 0;
		};
		3ED332D72643C14700365919 /* Frameworks */ = {
			isa = PBXFrameworksBuildPhase;
			buildActionMask = 2147483647;
			files = (
			);
			runOnlyForDeploymentPostprocessing = 0;
		};
		3ED332E22643C14700365919 /* Frameworks */ = {
			isa = PBXFrameworksBuildPhase;
			buildActionMask = 2147483647;
			files = (
			);
			runOnlyForDeploymentPostprocessing = 0;
		};
/* End PBXFrameworksBuildPhase section */

/* Begin PBXGroup section */
		3ED332BB2643C14500365919 = {
			isa = PBXGroup;
			children = (
				3ED332C62643C14500365919 /* SuperScanner */,
				3ED332DD2643C14700365919 /* SuperScannerTests */,
				3ED332E82643C14700365919 /* SuperScannerUITests */,
				3ED332C52643C14500365919 /* Products */,
			);
			sourceTree = "<group>";
		};
		3ED332C52643C14500365919 /* Products */ = {
			isa = PBXGroup;
			children = (
				3ED332C42643C14500365919 /* SuperScanner.app */,
				3ED332DA2643C14700365919 /* SuperScannerTests.xctest */,
				3ED332E52643C14700365919 /* SuperScannerUITests.xctest */,
			);
			name = Products;
			sourceTree = "<group>";
		};
		3ED332C62643C14500365919 /* SuperScanner */ = {
			isa = PBXGroup;
			children = (
				3ED332C72643C14500365919 /* AppDelegate.swift */,
				3ED332C92643C14500365919 /* SceneDelegate.swift */,
				3ED332CB2643C14500365919 /* ContentView.swift */,
				3ED332CD2643C14700365919 /* Assets.xcassets */,
				3ED332D22643C14700365919 /* LaunchScreen.storyboard */,
				3ED332D52643C14700365919 /* Info.plist */,
				3ED332CF2643C14700365919 /* Preview Content */,
			);
			path = SuperScanner;
			sourceTree = "<group>";
		};
		3ED332CF2643C14700365919 /* Preview Content */ = {
			isa = PBXGroup;
			children = (
				3ED332D02643C14700365919 /* Preview Assets.xcassets */,
			);
			path = "Preview Content";
			sourceTree = "<group>";
		};
		3ED332DD2643C14700365919 /* SuperScannerTests */ = {
			isa = PBXGroup;
			children = (
				3ED332DE2643C14700365919 /* SuperScannerTests.swift */,
				3ED332E02643C14700365919 /* Info.plist */,
			);
			path = SuperScannerTests;
			sourceTree = "<group>";
		};
		3ED332E82643C14700365919 /* SuperScannerUITests */ = {
			isa = PBXGroup;
			children = (
				3ED332E92643C14700365919 /* SuperScannerUITests.swift */,
				3ED332EB2643C14700365919 /* Info.plist */,
			);
			path = SuperScannerUITests;
			sourceTree = "<group>";
		};
/* End PBXGroup section */

/* Begin PBXNativeTarget section */
		3ED332C32643C14500365919 /* SuperScanner */ = {
			isa = PBXNativeTarget;
			buildConfigurationList = 3ED332EE2643C14700365919 /* Build configuration list for PBXNativeTarget "SuperScanner" */;
			buildPhases = (
				3ED332C02643C14500365919 /* Sources */,
				3ED332C12643C14500365919 /* Frameworks */,
				3ED332C22643C14500365919 /* Resources */,
			);
			buildRules = (
			);
			dependencies = (
			);
			name = SuperScanner;
			productName = SuperScanner;
			productReference = 3ED332C42643C14500365919 /* SuperScanner.app */;
			productType = "com.apple.product-type.application";
		};
		3ED332D92643C14700365919 /* SuperScannerTests */ = {
			isa = PBXNativeTarget;
			buildConfigurationList = 3ED332F12643C14700365919 /* Build configuration list for PBXNativeTarget "SuperScannerTests" */;
			buildPhases = (
				3ED332D62643C14700365919 /* Sources */,
				3ED332D72643C14700365919 /* Frameworks */,
				3ED332D82643C14700365919 /* Resources */,
			);
			buildRules = (
			);
			dependencies = (
				3ED332DC2643C14700365919 /* PBXTargetDependency */,
			);
			name = SuperScannerTests;
			productName = SuperScannerTests;
			productReference = 3ED332DA2643C14700365919 /* SuperScannerTests.xctest */;
			productType = "com.apple.product-type.bundle.unit-test";
		};
		3ED332E42643C14700365919 /* SuperScannerUITests */ = {
			isa = PBXNativeTarget;
			buildConfigurationList = 3ED332F42643C14700365919 /* Build configuration list for PBXNativeTarget "SuperScannerUITests" */;
			buildPhases = (
				3ED332E12643C14700365919 /* Sources */,
				3ED332E22643C14700365919 /* Frameworks */,
				3ED332E32643C14700365919 /* Resources */,
			);
			buildRules = (
			);
			dependencies = (
				3ED332E72643C14700365919 /* PBXTargetDependency */,
			);
			name = SuperScannerUITests;
			productName = SuperScannerUITests;
			productReference = 3ED332E52643C14700365919 /* SuperScannerUITests.xctest */;
			productType = "com.apple.product-type.bundle.ui-testing";
		};
/* End PBXNativeTarget section */

/* Begin PBXProject section */
		3ED332BC2643C14500365919 /* Project object */ = {
			isa = PBXProject;
			attributes = {
				LastSwiftUpdateCheck = 1250;
				LastUpgradeCheck = 1250;
				TargetAttributes = {
					3ED332C32643C14500365919 = {
						CreatedOnToolsVersion = 12.5;
					};
					3ED332D92643C14700365919 = {
						CreatedOnToolsVersion = 12.5;
						TestTargetID = 3ED332C32643C14500365919;
					};
					3ED332E42643C14700365919 = {
						CreatedOnToolsVersion = 12.5;
						TestTargetID = 3ED332C32643C14500365919;
					};
				};
			};
			buildConfigurationList = 3ED332BF2643C14500365919 /* Build configuration list for PBXProject "SuperScanner" */;
			compatibilityVersion = "Xcode 9.3";
			developmentRegion = en;
			hasScannedForEncodings = 0;
			knownRegions = (
				en,
				Base,
			);
			mainGroup = 3ED332BB2643C14500365919;
			productRefGroup = 3ED332C52643C14500365919 /* Products */;
			projectDirPath = "";
			projectRoot = "";
			targets = (
				3ED332C32643C14500365919 /* SuperScanner */,
				3ED332D92643C14700365919 /* SuperScannerTests */,
				3ED332E42643C14700365919 /* SuperScannerUITests */,
			);
		};
/* End PBXProject section */

/* Begin PBXResourcesBuildPhase section */
		3ED332C22643C14500365919 /* Resources */ = {
			isa = PBXResourcesBuildPhase;
			buildActionMask = 2147483647;
			files = (
				3ED332D42643C14700365919 /* LaunchScreen.storyboard in Resources */,
				3ED332D12643C14700365919 /* Preview Assets.xcassets in Resources */,
				3ED332CE2643C14700365919 /* Assets.xcassets in Resources */,
			);
			runOnlyForDeploymentPostprocessing = 0;
		};
		3ED332D82643C14700365919 /* Resources */ = {
			isa = PBXResourcesBuildPhase;
			buildActionMask = 2147483647;
			files = (
			);
			runOnlyForDeploymentPostprocessing = 0;
		};
		3ED332E32643C14700365919 /* Resources */ = {
			isa = PBXResourcesBuildPhase;
			buildActionMask = 2147483647;
			files = (
			);
			runOnlyForDeploymentPostprocessing = 0;
		};
/* End PBXResourcesBuildPhase section */

/* Begin PBXSourcesBuildPhase section */
		3ED332C02643C14500365919 /* Sources */ = {
			isa = PBXSourcesBuildPhase;
			buildActionMask = 2147483647;
			files = (
				3ED332C82643C14500365919 /* AppDelegate.swift in Sources */,
				3ED332CA2643C14500365919 /* SceneDelegate.swift in Sources */,
				3ED332CC2643C14500365919 /* ContentView.swift in Sources */,
			);
			runOnlyForDeploymentPostprocessing = 0;
		};
		3ED332D62643C14700365919 /* Sources */ = {
			isa = PBXSourcesBuildPhase;
			buildActionMask = 2147483647;
			files = (
				3ED332DF2643C14700365919 /* SuperScannerTests.swift in Sources */,
			);
			runOnlyForDeploymentPostprocessing = 0;
		};
		3ED332E12643C14700365919 /* Sources */ = {
			isa = PBXSourcesBuildPhase;
			buildActionMask = 2147483647;
			files = (
				3ED332EA2643C14700365919 /* SuperScannerUITests.swift in Sources */,
			);
			runOnlyForDeploymentPostprocessing = 0;
		};
/* End PBXSourcesBuildPhase section */

/* Begin PBXTargetDependency section */
		3ED332DC2643C14700365919 /* PBXTargetDependency */ = {
			isa = PBXTargetDependency;
			target = 3ED332C32643C14500365919 /* SuperScanner */;
			targetProxy = 3ED332DB2643C14700365919 /* PBXContainerItemProxy */;
		};
		3ED332E72643C14700365919 /* PBXTargetDependency */ = {
			isa = PBXTargetDependency;
			target = 3ED332C32643C14500365919 /* SuperScanner */;
			targetProxy = 3ED332E62643C14700365919 /* PBXContainerItemProxy */;
		};
/* End PBXTargetDependency section */

/* Begin PBXVariantGroup section */
		3ED332D22643C14700365919 /* LaunchScreen.storyboard */ = {
			isa = PBXVariantGroup;
			children = (
				3ED332D32643C14700365919 /* Base */,
			);
			name = LaunchScreen.storyboard;
			sourceTree = "<group>";
		};
/* End PBXVariantGroup section */

/* Begin XCBuildConfiguration section */
		3ED332EC2643C14700365919 /* Debug */ = {
			isa = XCBuildConfiguration;
			buildSettings = {
				ALWAYS_SEARCH_USER_PATHS = NO;
				CLANG_ANALYZER_NONNULL = YES;
				CLANG_ANALYZER_NUMBER_OBJECT_CONVERSION = YES_AGGRESSIVE;
				CLANG_CXX_LANGUAGE_STANDARD = "gnu++14";
				CLANG_CXX_LIBRARY = "libc++";
				CLANG_ENABLE_MODULES = YES;
				CLANG_ENABLE_OBJC_ARC = YES;
				CLANG_ENABLE_OBJC_WEAK = YES;
				CLANG_WARN_BLOCK_CAPTURE_AUTORELEASING = YES;
				CLANG_WARN_BOOL_CONVERSION = YES;
				CLANG_WARN_COMMA = YES;
				CLANG_WARN_CONSTANT_CONVERSION = YES;
				CLANG_WARN_DEPRECATED_OBJC_IMPLEMENTATIONS = YES;
				CLANG_WARN_DIRECT_OBJC_ISA_USAGE = YES_ERROR;
				CLANG_WARN_DOCUMENTATION_COMMENTS = YES;
				CLANG_WARN_EMPTY_BODY = YES;
				CLANG_WARN_ENUM_CONVERSION = YES;
				CLANG_WARN_INFINITE_RECURSION = YES;
				CLANG_WARN_INT_CONVERSION = YES;
				CLANG_WARN_NON_LITERAL_NULL_CONVERSION = YES;
				CLANG_WARN_OBJC_IMPLICIT_RETAIN_SELF = YES;
				CLANG_WARN_OBJC_LITERAL_CONVERSION = YES;
				CLANG_WARN_OBJC_ROOT_CLASS = YES_ERROR;
				CLANG_WARN_QUOTED_INCLUDE_IN_FRAMEWORK_HEADER = YES;
				CLANG_WARN_RANGE_LOOP_ANALYSIS = YES;
				CLANG_WARN_STRICT_PROTOTYPES = YES;
				CLANG_WARN_SUSPICIOUS_MOVE = YES;
				CLANG_WARN_UNGUARDED_AVAILABILITY = YES_AGGRESSIVE;
				CLANG_WARN_UNREACHABLE_CODE = YES;
				CLANG_WARN__DUPLICATE_METHOD_MATCH = YES;
				COPY_PHASE_STRIP = NO;
				DEBUG_INFORMATION_FORMAT = dwarf;
				ENABLE_STRICT_OBJC_MSGSEND = YES;
				ENABLE_TESTABILITY = YES;
				GCC_C_LANGUAGE_STANDARD = gnu11;
				GCC_DYNAMIC_NO_PIC = NO;
				GCC_NO_COMMON_BLOCKS = YES;
				GCC_OPTIMIZATION_LEVEL = 0;
				GCC_PREPROCESSOR_DEFINITIONS = (
					"DEBUG=1",
					"$(inherited)",
				);
				GCC_WARN_64_TO_32_BIT_CONVERSION = YES;
				GCC_WARN_ABOUT_RETURN_TYPE = YES_ERROR;
				GCC_WARN_UNDECLARED_SELECTOR = YES;
				GCC_WARN_UNINITIALIZED_AUTOS = YES_AGGRESSIVE;
				GCC_WARN_UNUSED_FUNCTION = YES;
				GCC_WARN_UNUSED_VARIABLE = YES;
				IPHONEOS_DEPLOYMENT_TARGET = 14.5;
				MTL_ENABLE_DEBUG_INFO = INCLUDE_SOURCE;
				MTL_FAST_MATH = YES;
				ONLY_ACTIVE_ARCH = YES;
				SDKROOT = iphoneos;
				SWIFT_ACTIVE_COMPILATION_CONDITIONS = DEBUG;
				SWIFT_OPTIMIZATION_LEVEL = "-Onone";
			};
			name = Debug;
		};
		3ED332ED2643C14700365919 /* Release */ = {
			isa = XCBuildConfiguration;
			buildSettings = {
				ALWAYS_SEARCH_USER_PATHS = NO;
				CLANG_ANALYZER_NONNULL = YES;
				CLANG_ANALYZER_NUMBER_OBJECT_CONVERSION = YES_AGGRESSIVE;
				CLANG_CXX_LANGUAGE_STANDARD = "gnu++14";
				CLANG_CXX_LIBRARY = "libc++";
				CLANG_ENABLE_MODULES = YES;
				CLANG_ENABLE_OBJC_ARC = YES;
				CLANG_ENABLE_OBJC_WEAK = YES;
				CLANG_WARN_BLOCK_CAPTURE_AUTORELEASING = YES;
				CLANG_WARN_BOOL_CONVERSION = YES;
				CLANG_WARN_COMMA = YES;
				CLANG_WARN_CONSTANT_CONVERSION = YES;
				CLANG_WARN_DEPRECATED_OBJC_IMPLEMENTATIONS = YES;
				CLANG_WARN_DIRECT_OBJC_ISA_USAGE = YES_ERROR;
				CLANG_WARN_DOCUMENTATION_COMMENTS = YES;
				CLANG_WARN_EMPTY_BODY = YES;
				CLANG_WARN_ENUM_CONVERSION = YES;
				CLANG_WARN_INFINITE_RECURSION = YES;
				CLANG_WARN_INT_CONVERSION = YES;
				CLANG_WARN_NON_LITERAL_NULL_CONVERSION = YES;
				CLANG_WARN_OBJC_IMPLICIT_RETAIN_SELF = YES;
				CLANG_WARN_OBJC_LITERAL_CONVERSION = YES;
				CLANG_WARN_OBJC_ROOT_CLASS = YES_ERROR;
				CLANG_WARN_QUOTED_INCLUDE_IN_FRAMEWORK_HEADER = YES;
				CLANG_WARN_RANGE_LOOP_ANALYSIS = YES;
				CLANG_WARN_STRICT_PROTOTYPES = YES;
				CLANG_WARN_SUSPICIOUS_MOVE = YES;
				CLANG_WARN_UNGUARDED_AVAILABILITY = YES_AGGRESSIVE;
				CLANG_WARN_UNREACHABLE_CODE = YES;
				CLANG_WARN__DUPLICATE_METHOD_MATCH = YES;
				COPY_PHASE_STRIP = NO;
				DEBUG_INFORMATION_FORMAT = "dwarf-with-dsym";
				ENABLE_NS_ASSERTIONS = NO;
				ENABLE_STRICT_OBJC_MSGSEND = YES;
				GCC_C_LANGUAGE_STANDARD = gnu11;
				GCC_NO_COMMON_BLOCKS = YES;
				GCC_WARN_64_TO_32_BIT_CONVERSION = YES;
				GCC_WARN_ABOUT_RETURN_TYPE = YES_ERROR;
				GCC_WARN_UNDECLARED_SELECTOR = YES;
				GCC_WARN_UNINITIALIZED_AUTOS = YES_AGGRESSIVE;
				GCC_WARN_UNUSED_FUNCTION = YES;
				GCC_WARN_UNUSED_VARIABLE = YES;
				IPHONEOS_DEPLOYMENT_TARGET = 14.5;
				MTL_ENABLE_DEBUG_INFO = NO;
				MTL_FAST_MATH = YES;
				SDKROOT = iphoneos;
				SWIFT_COMPILATION_MODE = wholemodule;
				SWIFT_OPTIMIZATION_LEVEL = "-O";
				VALIDATE_PRODUCT = YES;
			};
			name = Release;
		};
		3ED332EF2643C14700365919 /* Debug */ = {
			isa = XCBuildConfiguration;
			buildSettings = {
				ASSETCATALOG_COMPILER_APPICON_NAME = AppIcon;
				ASSETCATALOG_COMPILER_GLOBAL_ACCENT_COLOR_NAME = AccentColor;
				CODE_SIGN_STYLE = Automatic;
				DEVELOPMENT_ASSET_PATHS = "\"SuperScanner/Preview Content\"";
				DEVELOPMENT_TEAM = PJMDVT5BA8;
				ENABLE_PREVIEWS = YES;
				INFOPLIST_FILE = SuperScanner/Info.plist;
				LD_RUNPATH_SEARCH_PATHS = (
					"$(inherited)",
					"@executable_path/Frameworks",
				);
				PRODUCT_BUNDLE_IDENTIFIER = site.mino.SuperScanner;
				PRODUCT_NAME = "$(TARGET_NAME)";
				SWIFT_VERSION = 5.0;
				TARGETED_DEVICE_FAMILY = "1,2";
			};
			name = Debug;
		};
		3ED332F02643C14700365919 /* Release */ = {
			isa = XCBuildConfiguration;
			buildSettings = {
				ASSETCATALOG_COMPILER_APPICON_NAME = AppIcon;
				ASSETCATALOG_COMPILER_GLOBAL_ACCENT_COLOR_NAME = AccentColor;
				CODE_SIGN_STYLE = Automatic;
				DEVELOPMENT_ASSET_PATHS = "\"SuperScanner/Preview Content\"";
				DEVELOPMENT_TEAM = PJMDVT5BA8;
				ENABLE_PREVIEWS = YES;
				INFOPLIST_FILE = SuperScanner/Info.plist;
				LD_RUNPATH_SEARCH_PATHS = (
					"$(inherited)",
					"@executable_path/Frameworks",
				);
				PRODUCT_BUNDLE_IDENTIFIER = site.mino.SuperScanner;
				PRODUCT_NAME = "$(TARGET_NAME)";
				SWIFT_VERSION = 5.0;
				TARGETED_DEVICE_FAMILY = "1,2";
			};
			name = Release;
		};
		3ED332F22643C14700365919 /* Debug */ = {
			isa = XCBuildConfiguration;
			buildSettings = {
				ALWAYS_EMBED_SWIFT_STANDARD_LIBRARIES = YES;
				BUNDLE_LOADER = "$(TEST_HOST)";
				CODE_SIGN_STYLE = Automatic;
				DEVELOPMENT_TEAM = PJMDVT5BA8;
				INFOPLIST_FILE = SuperScannerTests/Info.plist;
				IPHONEOS_DEPLOYMENT_TARGET = 14.5;
				LD_RUNPATH_SEARCH_PATHS = (
					"$(inherited)",
					"@executable_path/Frameworks",
					"@loader_path/Frameworks",
				);
				PRODUCT_BUNDLE_IDENTIFIER = site.mino.SuperScannerTests;
				PRODUCT_NAME = "$(TARGET_NAME)";
				SWIFT_VERSION = 5.0;
				TARGETED_DEVICE_FAMILY = "1,2";
				TEST_HOST = "$(BUILT_PRODUCTS_DIR)/SuperScanner.app/SuperScanner";
			};
			name = Debug;
		};
		3ED332F32643C14700365919 /* Release */ = {
			isa = XCBuildConfiguration;
			buildSettings = {
				ALWAYS_EMBED_SWIFT_STANDARD_LIBRARIES = YES;
				BUNDLE_LOADER = "$(TEST_HOST)";
				CODE_SIGN_STYLE = Automatic;
				DEVELOPMENT_TEAM = PJMDVT5BA8;
				INFOPLIST_FILE = SuperScannerTests/Info.plist;
				IPHONEOS_DEPLOYMENT_TARGET = 14.5;
				LD_RUNPATH_SEARCH_PATHS = (
					"$(inherited)",
					"@executable_path/Frameworks",
					"@loader_path/Frameworks",
				);
				PRODUCT_BUNDLE_IDENTIFIER = site.mino.SuperScannerTests;
				PRODUCT_NAME = "$(TARGET_NAME)";
				SWIFT_VERSION = 5.0;
				TARGETED_DEVICE_FAMILY = "1,2";
				TEST_HOST = "$(BUILT_PRODUCTS_DIR)/SuperScanner.app/SuperScanner";
			};
			name = Release;
		};
		3ED332F52643C14700365919 /* Debug */ = {
			isa = XCBuildConfiguration;
			buildSettings = {
				ALWAYS_EMBED_SWIFT_STANDARD_LIBRARIES = YES;
				CODE_SIGN_STYLE = Automatic;
				DEVELOPMENT_TEAM = PJMDVT5BA8;
				INFOPLIST_FILE = SuperScannerUITests/Info.plist;
				LD_RUNPATH_SEARCH_PATHS = (
					"$(inherited)",
					"@executable_path/Frameworks",
					"@loader_path/Frameworks",
				);
				PRODUCT_BUNDLE_IDENTIFIER = site.mino.SuperScannerUITests;
				PRODUCT_NAME = "$(TARGET_NAME)";
				SWIFT_VERSION = 5.0;
				TARGETED_DEVICE_FAMILY = "1,2";
				TEST_TARGET_NAME = SuperScanner;
			};
			name = Debug;
		};
		3ED332F62643C14700365919 /* Release */ = {
			isa = XCBuildConfiguration;
			buildSettings = {
				ALWAYS_EMBED_SWIFT_STANDARD_LIBRARIES = YES;
				CODE_SIGN_STYLE = Automatic;
				DEVELOPMENT_TEAM = PJMDVT5BA8;
				INFOPLIST_FILE = SuperScannerUITests/Info.plist;
				LD_RUNPATH_SEARCH_PATHS = (
					"$(inherited)",
					"@executable_path/Frameworks",
					"@loader_path/Frameworks",
				);
				PRODUCT_BUNDLE_IDENTIFIER = site.mino.SuperScannerUITests;
				PRODUCT_NAME = "$(TARGET_NAME)";
				SWIFT_VERSION = 5.0;
				TARGETED_DEVICE_FAMILY = "1,2";
				TEST_TARGET_NAME = SuperScanner;
			};
			name = Release;
		};
/* End XCBuildConfiguration section */

/* Begin XCConfigurationList section */
		3ED332BF2643C14500365919 /* Build configuration list for PBXProject "SuperScanner" */ = {
			isa = XCConfigurationList;
			buildConfigurations = (
				3ED332EC2643C14700365919 /* Debug */,
				3ED332ED2643C14700365919 /* Release */,
			);
			defaultConfigurationIsVisible = 0;
			defaultConfigurationName = Release;
		};
		3ED332EE2643C14700365919 /* Build configuration list for PBXNativeTarget "SuperScanner" */ = {
			isa = XCConfigurationList;
			buildConfigurations = (
				3ED332EF2643C14700365919 /* Debug */,
				3ED332F02643C14700365919 /* Release */,
			);
			defaultConfigurationIsVisible = 0;
			defaultConfigurationName = Release;
		};
		3ED332F12643C14700365919 /* Build configuration list for PBXNativeTarget "SuperScannerTests" */ = {
			isa = XCConfigurationList;
			buildConfigurations = (
				3ED332F22643C14700365919 /* Debug */,
				3ED332F32643C14700365919 /* Release */,
			);
			defaultConfigurationIsVisible = 0;
			defaultConfigurationName = Release;
		};
		3ED332F42643C14700365919 /* Build configuration list for PBXNativeTarget "SuperScannerUITests" */ = {
			isa = XCConfigurationList;
			buildConfigurations = (
				3ED332F52643C14700365919 /* Debug */,
				3ED332F62643C14700365919 /* Release */,
			);
			defaultConfigurationIsVisible = 0;
			defaultConfigurationName = Release;
		};
/* End XCConfigurationList section */
	};
	rootObject = 3ED332BC2643C14500365919 /* Project object */;
}
